// !$*UTF8*$!
{
	archiveVersion = 1;
	classes = {
	};
	objectVersion = 56;
	objects = {

/* Begin PBXBuildFile section */
		C81EFBB12CEA4DEE00F8D05D /* DrawingDocument.swift in Sources */ = {isa = PBXBuildFile; fileRef = C81EFBB02CEA4DEE00F8D05D /* DrawingDocument.swift */; };
		C81EFBB32CEA55E300F8D05D /* UserDefaultColor.swift in Sources */ = {isa = PBXBuildFile; fileRef = C81EFBB22CEA55E300F8D05D /* UserDefaultColor.swift */; };
		C8D0EB672CE631A200BDDC3C /* DrawingAppApp.swift in Sources */ = {isa = PBXBuildFile; fileRef = C8D0EB662CE631A200BDDC3C /* DrawingAppApp.swift */; };
		C8D0EB692CE631A200BDDC3C /* ContentView.swift in Sources */ = {isa = PBXBuildFile; fileRef = C8D0EB682CE631A200BDDC3C /* ContentView.swift */; };
		C8D0EB6B2CE631A600BDDC3C /* Assets.xcassets in Resources */ = {isa = PBXBuildFile; fileRef = C8D0EB6A2CE631A600BDDC3C /* Assets.xcassets */; };
		C8D0EB6F2CE631A700BDDC3C /* Preview Assets.xcassets in Resources */ = {isa = PBXBuildFile; fileRef = C8D0EB6E2CE631A700BDDC3C /* Preview Assets.xcassets */; };
		C8D0EB762CE8FE6C00BDDC3C /* CanvaExampleView.swift in Sources */ = {isa = PBXBuildFile; fileRef = C8D0EB752CE8FE6C00BDDC3C /* CanvaExampleView.swift */; };
		C8D0EB782CE8FE8000BDDC3C /* DrawingView.swift in Sources */ = {isa = PBXBuildFile; fileRef = C8D0EB772CE8FE8000BDDC3C /* DrawingView.swift */; };
		C8D0EB7A2CE8FEFE00BDDC3C /* Line.swift in Sources */ = {isa = PBXBuildFile; fileRef = C8D0EB792CE8FEFE00BDDC3C /* Line.swift */; };
		C8D0EB7C2CE905F100BDDC3C /* DrawingEngine.swift in Sources */ = {isa = PBXBuildFile; fileRef = C8D0EB7B2CE905F100BDDC3C /* DrawingEngine.swift */; };
		C8D0EB7E2CE90E6B00BDDC3C /* DrawingShape.swift in Sources */ = {isa = PBXBuildFile; fileRef = C8D0EB7D2CE90E6B00BDDC3C /* DrawingShape.swift */; };
/* End PBXBuildFile section */

/* Begin PBXFileReference section */
		C81EFBB02CEA4DEE00F8D05D /* DrawingDocument.swift */ = {isa = PBXFileReference; lastKnownFileType = sourcecode.swift; path = DrawingDocument.swift; sourceTree = "<group>"; };
		C81EFBB22CEA55E300F8D05D /* UserDefaultColor.swift */ = {isa = PBXFileReference; lastKnownFileType = sourcecode.swift; path = UserDefaultColor.swift; sourceTree = "<group>"; };
		C8D0EB632CE631A200BDDC3C /* DrawingApp.app */ = {isa = PBXFileReference; explicitFileType = wrapper.application; includeInIndex = 0; path = DrawingApp.app; sourceTree = BUILT_PRODUCTS_DIR; };
		C8D0EB662CE631A200BDDC3C /* DrawingAppApp.swift */ = {isa = PBXFileReference; lastKnownFileType = sourcecode.swift; path = DrawingAppApp.swift; sourceTree = "<group>"; };
		C8D0EB682CE631A200BDDC3C /* ContentView.swift */ = {isa = PBXFileReference; lastKnownFileType = sourcecode.swift; path = ContentView.swift; sourceTree = "<group>"; };
		C8D0EB6A2CE631A600BDDC3C /* Assets.xcassets */ = {isa = PBXFileReference; lastKnownFileType = folder.assetcatalog; path = Assets.xcassets; sourceTree = "<group>"; };
		C8D0EB6C2CE631A700BDDC3C /* DrawingApp.entitlements */ = {isa = PBXFileReference; lastKnownFileType = text.plist.entitlements; path = DrawingApp.entitlements; sourceTree = "<group>"; };
		C8D0EB6E2CE631A700BDDC3C /* Preview Assets.xcassets */ = {isa = PBXFileReference; lastKnownFileType = folder.assetcatalog; path = "Preview Assets.xcassets"; sourceTree = "<group>"; };
		C8D0EB752CE8FE6C00BDDC3C /* CanvaExampleView.swift */ = {isa = PBXFileReference; lastKnownFileType = sourcecode.swift; path = CanvaExampleView.swift; sourceTree = "<group>"; };
		C8D0EB772CE8FE8000BDDC3C /* DrawingView.swift */ = {isa = PBXFileReference; lastKnownFileType = sourcecode.swift; path = DrawingView.swift; sourceTree = "<group>"; };
		C8D0EB792CE8FEFE00BDDC3C /* Line.swift */ = {isa = PBXFileReference; lastKnownFileType = sourcecode.swift; path = Line.swift; sourceTree = "<group>"; };
		C8D0EB7B2CE905F100BDDC3C /* DrawingEngine.swift */ = {isa = PBXFileReference; lastKnownFileType = sourcecode.swift; path = DrawingEngine.swift; sourceTree = "<group>"; };
		C8D0EB7D2CE90E6B00BDDC3C /* DrawingShape.swift */ = {isa = PBXFileReference; lastKnownFileType = sourcecode.swift; path = DrawingShape.swift; sourceTree = "<group>"; };
/* End PBXFileReference section */

/* Begin PBXFrameworksBuildPhase section */
		C8D0EB602CE631A200BDDC3C /* Frameworks */ = {
			isa = PBXFrameworksBuildPhase;
			buildActionMask = 2147483647;
			files = (
			);
			runOnlyForDeploymentPostprocessing = 0;
		};
/* End PBXFrameworksBuildPhase section */

/* Begin PBXGroup section */
		C8D0EB5A2CE631A200BDDC3C = {
			isa = PBXGroup;
			children = (
				C8D0EB652CE631A200BDDC3C /* DrawingApp */,
				C8D0EB642CE631A200BDDC3C /* Products */,
			);
			sourceTree = "<group>";
		};
		C8D0EB642CE631A200BDDC3C /* Products */ = {
			isa = PBXGroup;
			children = (
				C8D0EB632CE631A200BDDC3C /* DrawingApp.app */,
			);
			name = Products;
			sourceTree = "<group>";
		};
		C8D0EB652CE631A200BDDC3C /* DrawingApp */ = {
			isa = PBXGroup;
			children = (
				C8D0EB662CE631A200BDDC3C /* DrawingAppApp.swift */,
				C8D0EB682CE631A200BDDC3C /* ContentView.swift */,
				C8D0EB752CE8FE6C00BDDC3C /* CanvaExampleView.swift */,
				C8D0EB772CE8FE8000BDDC3C /* DrawingView.swift */,
				C81EFBB02CEA4DEE00F8D05D /* DrawingDocument.swift */,
				C81EFBB22CEA55E300F8D05D /* UserDefaultColor.swift */,
				C8D0EB7D2CE90E6B00BDDC3C /* DrawingShape.swift */,
				C8D0EB7B2CE905F100BDDC3C /* DrawingEngine.swift */,
				C8D0EB792CE8FEFE00BDDC3C /* Line.swift */,
				C8D0EB6A2CE631A600BDDC3C /* Assets.xcassets */,
				C8D0EB6C2CE631A700BDDC3C /* DrawingApp.entitlements */,
				C8D0EB6D2CE631A700BDDC3C /* Preview Content */,
			);
			path = DrawingApp;
			sourceTree = "<group>";
		};
		C8D0EB6D2CE631A700BDDC3C /* Preview Content */ = {
			isa = PBXGroup;
			children = (
				C8D0EB6E2CE631A700BDDC3C /* Preview Assets.xcassets */,
			);
			path = "Preview Content";
			sourceTree = "<group>";
		};
/* End PBXGroup section */

/* Begin PBXNativeTarget section */
		C8D0EB622CE631A200BDDC3C /* DrawingApp */ = {
			isa = PBXNativeTarget;
			buildConfigurationList = C8D0EB722CE631A700BDDC3C /* Build configuration list for PBXNativeTarget "DrawingApp" */;
			buildPhases = (
				C8D0EB5F2CE631A200BDDC3C /* Sources */,
				C8D0EB602CE631A200BDDC3C /* Frameworks */,
				C8D0EB612CE631A200BDDC3C /* Resources */,
			);
			buildRules = (
			);
			dependencies = (
			);
			name = DrawingApp;
			productName = DrawingApp;
			productReference = C8D0EB632CE631A200BDDC3C /* DrawingApp.app */;
			productType = "com.apple.product-type.application";
		};
/* End PBXNativeTarget section */

/* Begin PBXProject section */
		C8D0EB5B2CE631A200BDDC3C /* Project object */ = {
			isa = PBXProject;
			attributes = {
				BuildIndependentTargetsInParallel = 1;
				LastSwiftUpdateCheck = 1540;
				LastUpgradeCheck = 1540;
				TargetAttributes = {
					C8D0EB622CE631A200BDDC3C = {
						CreatedOnToolsVersion = 15.4;
					};
				};
			};
			buildConfigurationList = C8D0EB5E2CE631A200BDDC3C /* Build configuration list for PBXProject "DrawingApp" */;
			compatibilityVersion = "Xcode 14.0";
			developmentRegion = en;
			hasScannedForEncodings = 0;
			knownRegions = (
				en,
				Base,
			);
			mainGroup = C8D0EB5A2CE631A200BDDC3C;
			productRefGroup = C8D0EB642CE631A200BDDC3C /* Products */;
			projectDirPath = "";
			projectRoot = "";
			targets = (
				C8D0EB622CE631A200BDDC3C /* DrawingApp */,
			);
		};
/* End PBXProject section */

/* Begin PBXResourcesBuildPhase section */
		C8D0EB612CE631A200BDDC3C /* Resources */ = {
			isa = PBXResourcesBuildPhase;
			buildActionMask = 2147483647;
			files = (
				C8D0EB6F2CE631A700BDDC3C /* Preview Assets.xcassets in Resources */,
				C8D0EB6B2CE631A600BDDC3C /* Assets.xcassets in Resources */,
			);
			runOnlyForDeploymentPostprocessing = 0;
		};
/* End PBXResourcesBuildPhase section */

/* Begin PBXSourcesBuildPhase section */
		C8D0EB5F2CE631A200BDDC3C /* Sources */ = {
			isa = PBXSourcesBuildPhase;
			buildActionMask = 2147483647;
			files = (
				C8D0EB7E2CE90E6B00BDDC3C /* DrawingShape.swift in Sources */,
				C8D0EB692CE631A200BDDC3C /* ContentView.swift in Sources */,
				C81EFBB32CEA55E300F8D05D /* UserDefaultColor.swift in Sources */,
				C8D0EB672CE631A200BDDC3C /* DrawingAppApp.swift in Sources */,
				C81EFBB12CEA4DEE00F8D05D /* DrawingDocument.swift in Sources */,
				C8D0EB7C2CE905F100BDDC3C /* DrawingEngine.swift in Sources */,
				C8D0EB762CE8FE6C00BDDC3C /* CanvaExampleView.swift in Sources */,
				C8D0EB782CE8FE8000BDDC3C /* DrawingView.swift in Sources */,
				C8D0EB7A2CE8FEFE00BDDC3C /* Line.swift in Sources */,
			);
			runOnlyForDeploymentPostprocessing = 0;
		};
/* End PBXSourcesBuildPhase section */

/* Begin XCBuildConfiguration section */
		C8D0EB702CE631A700BDDC3C /* Debug */ = {
			isa = XCBuildConfiguration;
			buildSettings = {
				ALWAYS_SEARCH_USER_PATHS = NO;
				ASSETCATALOG_COMPILER_GENERATE_SWIFT_ASSET_SYMBOL_EXTENSIONS = YES;
				CLANG_ANALYZER_NONNULL = YES;
				CLANG_ANALYZER_NUMBER_OBJECT_CONVERSION = YES_AGGRESSIVE;
				CLANG_CXX_LANGUAGE_STANDARD = "gnu++20";
				CLANG_ENABLE_MODULES = YES;
				CLANG_ENABLE_OBJC_ARC = YES;
				CLANG_ENABLE_OBJC_WEAK = YES;
				CLANG_WARN_BLOCK_CAPTURE_AUTORELEASING = YES;
				CLANG_WARN_BOOL_CONVERSION = YES;
				CLANG_WARN_COMMA = YES;
				CLANG_WARN_CONSTANT_CONVERSION = YES;
				CLANG_WARN_DEPRECATED_OBJC_IMPLEMENTATIONS = YES;
				CLANG_WARN_DIRECT_OBJC_ISA_USAGE = YES_ERROR;
				CLANG_WARN_DOCUMENTATION_COMMENTS = YES;
				CLANG_WARN_EMPTY_BODY = YES;
				CLANG_WARN_ENUM_CONVERSION = YES;
				CLANG_WARN_INFINITE_RECURSION = YES;
				CLANG_WARN_INT_CONVERSION = YES;
				CLANG_WARN_NON_LITERAL_NULL_CONVERSION = YES;
				CLANG_WARN_OBJC_IMPLICIT_RETAIN_SELF = YES;
				CLANG_WARN_OBJC_LITERAL_CONVERSION = YES;
				CLANG_WARN_OBJC_ROOT_CLASS = YES_ERROR;
				CLANG_WARN_QUOTED_INCLUDE_IN_FRAMEWORK_HEADER = YES;
				CLANG_WARN_RANGE_LOOP_ANALYSIS = YES;
				CLANG_WARN_STRICT_PROTOTYPES = YES;
				CLANG_WARN_SUSPICIOUS_MOVE = YES;
				CLANG_WARN_UNGUARDED_AVAILABILITY = YES_AGGRESSIVE;
				CLANG_WARN_UNREACHABLE_CODE = YES;
				CLANG_WARN__DUPLICATE_METHOD_MATCH = YES;
				COPY_PHASE_STRIP = NO;
				DEBUG_INFORMATION_FORMAT = dwarf;
				ENABLE_STRICT_OBJC_MSGSEND = YES;
				ENABLE_TESTABILITY = YES;
				ENABLE_USER_SCRIPT_SANDBOXING = YES;
				GCC_C_LANGUAGE_STANDARD = gnu17;
				GCC_DYNAMIC_NO_PIC = NO;
				GCC_NO_COMMON_BLOCKS = YES;
				GCC_OPTIMIZATION_LEVEL = 0;
				GCC_PREPROCESSOR_DEFINITIONS = (
					"DEBUG=1",
					"$(inherited)",
				);
				GCC_WARN_64_TO_32_BIT_CONVERSION = YES;
				GCC_WARN_ABOUT_RETURN_TYPE = YES_ERROR;
				GCC_WARN_UNDECLARED_SELECTOR = YES;
				GCC_WARN_UNINITIALIZED_AUTOS = YES_AGGRESSIVE;
				GCC_WARN_UNUSED_FUNCTION = YES;
				GCC_WARN_UNUSED_VARIABLE = YES;
				LOCALIZATION_PREFERS_STRING_CATALOGS = YES;
				MTL_ENABLE_DEBUG_INFO = INCLUDE_SOURCE;
				MTL_FAST_MATH = YES;
				ONLY_ACTIVE_ARCH = YES;
				SWIFT_ACTIVE_COMPILATION_CONDITIONS = "DEBUG $(inherited)";
				SWIFT_OPTIMIZATION_LEVEL = "-Onone";
			};
			name = Debug;
		};
		C8D0EB712CE631A700BDDC3C /* Release */ = {
			isa = XCBuildConfiguration;
			buildSettings = {
				ALWAYS_SEARCH_USER_PATHS = NO;
				ASSETCATALOG_COMPILER_GENERATE_SWIFT_ASSET_SYMBOL_EXTENSIONS = YES;
				CLANG_ANALYZER_NONNULL = YES;
				CLANG_ANALYZER_NUMBER_OBJECT_CONVERSION = YES_AGGRESSIVE;
				CLANG_CXX_LANGUAGE_STANDARD = "gnu++20";
				CLANG_ENABLE_MODULES = YES;
				CLANG_ENABLE_OBJC_ARC = YES;
				CLANG_ENABLE_OBJC_WEAK = YES;
				CLANG_WARN_BLOCK_CAPTURE_AUTORELEASING = YES;
				CLANG_WARN_BOOL_CONVERSION = YES;
				CLANG_WARN_COMMA = YES;
				CLANG_WARN_CONSTANT_CONVERSION = YES;
				CLANG_WARN_DEPRECATED_OBJC_IMPLEMENTATIONS = YES;
				CLANG_WARN_DIRECT_OBJC_ISA_USAGE = YES_ERROR;
				CLANG_WARN_DOCUMENTATION_COMMENTS = YES;
				CLANG_WARN_EMPTY_BODY = YES;
				CLANG_WARN_ENUM_CONVERSION = YES;
				CLANG_WARN_INFINITE_RECURSION = YES;
				CLANG_WARN_INT_CONVERSION = YES;
				CLANG_WARN_NON_LITERAL_NULL_CONVERSION = YES;
				CLANG_WARN_OBJC_IMPLICIT_RETAIN_SELF = YES;
				CLANG_WARN_OBJC_LITERAL_CONVERSION = YES;
				CLANG_WARN_OBJC_ROOT_CLASS = YES_ERROR;
				CLANG_WARN_QUOTED_INCLUDE_IN_FRAMEWORK_HEADER = YES;
				CLANG_WARN_RANGE_LOOP_ANALYSIS = YES;
				CLANG_WARN_STRICT_PROTOTYPES = YES;
				CLANG_WARN_SUSPICIOUS_MOVE = YES;
				CLANG_WARN_UNGUARDED_AVAILABILITY = YES_AGGRESSIVE;
				CLANG_WARN_UNREACHABLE_CODE = YES;
				CLANG_WARN__DUPLICATE_METHOD_MATCH = YES;
				COPY_PHASE_STRIP = NO;
				DEBUG_INFORMATION_FORMAT = "dwarf-with-dsym";
				ENABLE_NS_ASSERTIONS = NO;
				ENABLE_STRICT_OBJC_MSGSEND = YES;
				ENABLE_USER_SCRIPT_SANDBOXING = YES;
				GCC_C_LANGUAGE_STANDARD = gnu17;
				GCC_NO_COMMON_BLOCKS = YES;
				GCC_WARN_64_TO_32_BIT_CONVERSION = YES;
				GCC_WARN_ABOUT_RETURN_TYPE = YES_ERROR;
				GCC_WARN_UNDECLARED_SELECTOR = YES;
				GCC_WARN_UNINITIALIZED_AUTOS = YES_AGGRESSIVE;
				GCC_WARN_UNUSED_FUNCTION = YES;
				GCC_WARN_UNUSED_VARIABLE = YES;
				LOCALIZATION_PREFERS_STRING_CATALOGS = YES;
				MTL_ENABLE_DEBUG_INFO = NO;
				MTL_FAST_MATH = YES;
				SWIFT_COMPILATION_MODE = wholemodule;
			};
			name = Release;
		};
		C8D0EB732CE631A700BDDC3C /* Debug */ = {
			isa = XCBuildConfiguration;
			buildSettings = {
				ASSETCATALOG_COMPILER_APPICON_NAME = AppIcon;
				ASSETCATALOG_COMPILER_GLOBAL_ACCENT_COLOR_NAME = AccentColor;
				CODE_SIGN_ENTITLEMENTS = DrawingApp/DrawingApp.entitlements;
				CODE_SIGN_STYLE = Automatic;
				CURRENT_PROJECT_VERSION = 1;
				DEVELOPMENT_ASSET_PATHS = "\"DrawingApp/Preview Content\"";
				DEVELOPMENT_TEAM = 4765QTU39Z;
				ENABLE_HARDENED_RUNTIME = YES;
				ENABLE_PREVIEWS = YES;
				GENERATE_INFOPLIST_FILE = YES;
				"INFOPLIST_KEY_UIApplicationSceneManifest_Generation[sdk=iphoneos*]" = YES;
				"INFOPLIST_KEY_UIApplicationSceneManifest_Generation[sdk=iphonesimulator*]" = YES;
				"INFOPLIST_KEY_UIApplicationSupportsIndirectInputEvents[sdk=iphoneos*]" = YES;
				"INFOPLIST_KEY_UIApplicationSupportsIndirectInputEvents[sdk=iphonesimulator*]" = YES;
				"INFOPLIST_KEY_UILaunchScreen_Generation[sdk=iphoneos*]" = YES;
				"INFOPLIST_KEY_UILaunchScreen_Generation[sdk=iphonesimulator*]" = YES;
				"INFOPLIST_KEY_UIStatusBarStyle[sdk=iphoneos*]" = UIStatusBarStyleDefault;
				"INFOPLIST_KEY_UIStatusBarStyle[sdk=iphonesimulator*]" = UIStatusBarStyleDefault;
				INFOPLIST_KEY_UISupportedInterfaceOrientations_iPad = "UIInterfaceOrientationPortrait UIInterfaceOrientationPortraitUpsideDown UIInterfaceOrientationLandscapeLeft UIInterfaceOrientationLandscapeRight";
				INFOPLIST_KEY_UISupportedInterfaceOrientations_iPhone = "UIInterfaceOrientationPortrait UIInterfaceOrientationLandscapeLeft UIInterfaceOrientationLandscapeRight";
				IPHONEOS_DEPLOYMENT_TARGET = 17.5;
				LD_RUNPATH_SEARCH_PATHS = "@executable_path/Frameworks";
				"LD_RUNPATH_SEARCH_PATHS[sdk=macosx*]" = "@executable_path/../Frameworks";
				MACOSX_DEPLOYMENT_TARGET = 14.5;
				MARKETING_VERSION = 1.0;
				PRODUCT_BUNDLE_IDENTIFIER = dephyned.PMUBeautyForms.DrawingApp;
				PRODUCT_NAME = "$(TARGET_NAME)";
				SDKROOT = auto;
				SUPPORTED_PLATFORMS = "iphoneos iphonesimulator macosx";
				SWIFT_EMIT_LOC_STRINGS = YES;
				SWIFT_VERSION = 5.0;
				TARGETED_DEVICE_FAMILY = "1,2";
			};
			name = Debug;
		};
		C8D0EB742CE631A700BDDC3C /* Release */ = {
			isa = XCBuildConfiguration;
			buildSettings = {
				ASSETCATALOG_COMPILER_APPICON_NAME = AppIcon;
				ASSETCATALOG_COMPILER_GLOBAL_ACCENT_COLOR_NAME = AccentColor;
				CODE_SIGN_ENTITLEMENTS = DrawingApp/DrawingApp.entitlements;
				CODE_SIGN_STYLE = Automatic;
				CURRENT_PROJECT_VERSION = 1;
				DEVELOPMENT_ASSET_PATHS = "\"DrawingApp/Preview Content\"";
				DEVELOPMENT_TEAM = 4765QTU39Z;
				ENABLE_HARDENED_RUNTIME = YES;
				ENABLE_PREVIEWS = YES;
				GENERATE_INFOPLIST_FILE = YES;
				"INFOPLIST_KEY_UIApplicationSceneManifest_Generation[sdk=iphoneos*]" = YES;
				"INFOPLIST_KEY_UIApplicationSceneManifest_Generation[sdk=iphonesimulator*]" = YES;
				"INFOPLIST_KEY_UIApplicationSupportsIndirectInputEvents[sdk=iphoneos*]" = YES;
				"INFOPLIST_KEY_UIApplicationSupportsIndirectInputEvents[sdk=iphonesimulator*]" = YES;
				"INFOPLIST_KEY_UILaunchScreen_Generation[sdk=iphoneos*]" = YES;
				"INFOPLIST_KEY_UILaunchScreen_Generation[sdk=iphonesimulator*]" = YES;
				"INFOPLIST_KEY_UIStatusBarStyle[sdk=iphoneos*]" = UIStatusBarStyleDefault;
				"INFOPLIST_KEY_UIStatusBarStyle[sdk=iphonesimulator*]" = UIStatusBarStyleDefault;
				INFOPLIST_KEY_UISupportedInterfaceOrientations_iPad = "UIInterfaceOrientationPortrait UIInterfaceOrientationPortraitUpsideDown UIInterfaceOrientationLandscapeLeft UIInterfaceOrientationLandscapeRight";
				INFOPLIST_KEY_UISupportedInterfaceOrientations_iPhone = "UIInterfaceOrientationPortrait UIInterfaceOrientationLandscapeLeft UIInterfaceOrientationLandscapeRight";
				IPHONEOS_DEPLOYMENT_TARGET = 17.5;
				LD_RUNPATH_SEARCH_PATHS = "@executable_path/Frameworks";
				"LD_RUNPATH_SEARCH_PATHS[sdk=macosx*]" = "@executable_path/../Frameworks";
				MACOSX_DEPLOYMENT_TARGET = 14.5;
				MARKETING_VERSION = 1.0;
				PRODUCT_BUNDLE_IDENTIFIER = dephyned.PMUBeautyForms.DrawingApp;
				PRODUCT_NAME = "$(TARGET_NAME)";
				SDKROOT = auto;
				SUPPORTED_PLATFORMS = "iphoneos iphonesimulator macosx";
				SWIFT_EMIT_LOC_STRINGS = YES;
				SWIFT_VERSION = 5.0;
				TARGETED_DEVICE_FAMILY = "1,2";
			};
			name = Release;
		};
/* End XCBuildConfiguration section */

/* Begin XCConfigurationList section */
		C8D0EB5E2CE631A200BDDC3C /* Build configuration list for PBXProject "DrawingApp" */ = {
			isa = XCConfigurationList;
			buildConfigurations = (
				C8D0EB702CE631A700BDDC3C /* Debug */,
				C8D0EB712CE631A700BDDC3C /* Release */,
			);
			defaultConfigurationIsVisible = 0;
			defaultConfigurationName = Release;
		};
		C8D0EB722CE631A700BDDC3C /* Build configuration list for PBXNativeTarget "DrawingApp" */ = {
			isa = XCConfigurationList;
			buildConfigurations = (
				C8D0EB732CE631A700BDDC3C /* Debug */,
				C8D0EB742CE631A700BDDC3C /* Release */,
			);
			defaultConfigurationIsVisible = 0;
			defaultConfigurationName = Release;
		};
/* End XCConfigurationList section */
	};
	rootObject = C8D0EB5B2CE631A200BDDC3C /* Project object */;
}
